
Microsoft Visual Studio Solution File, Format Version 12.00
# Visual Studio Version 16
VisualStudioVersion = 16.0.30517.126
MinimumVisualStudioVersion = 10.0.40219.1
Project("{9A19103F-16F7-4668-BE54-9A1E7A4F7556}") = "GeometricShapes", "GeometricShapes\GeometricShapes.csproj", "{455264EB-5C8A-4244-A23D-142E1B72E908}"
EndProject
Project("{9A19103F-16F7-4668-BE54-9A1E7A4F7556}") = "GeometricShapes_Tests", "GeometricShapes_Tests\GeometricShapes_Tests.csproj", "{746093F8-7E78-4182-853B-0C7DC7676C29}"
EndProject
Project("{9A19103F-16F7-4668-BE54-9A1E7A4F7556}") = "Demonstrator_1", "Demonstrator_1\Demonstrator_1.csproj", "{5E4FD180-3F94-4613-A5B5-AE0AE6DAF9D7}"
EndProject
Project("{9A19103F-16F7-4668-BE54-9A1E7A4F7556}") = "Demonstrator_2", "Demonstrator_2\Demonstrator_2.csproj", "{4911AA9D-BBEA-4300-A780-5970BEDD17B7}"
EndProject
Project("{9A19103F-16F7-4668-BE54-9A1E7A4F7556}") = "Demonstrator_3", "Demonstrator_3\Demonstrator_3.csproj", "{4CAA7C56-8C39-4192-ACB1-638690BB1EDA}"
EndProject
Project("{FAE04EC0-301F-11D3-BF4B-00C04F79EFBC}") = "AbstractClassLibrary", "AbstractClassLibrary\AbstractClassLibrary.csproj", "{4EA0C857-FB5A-494E-9CCD-B6C50A73EEB9}"
EndProject
Project("{FAE04EC0-301F-11D3-BF4B-00C04F79EFBC}") = "Demonstrator_4", "Demonstrator_4\Demonstrator_4.csproj", "{1575A2AA-7F75-41D5-A522-0DC29AD8DF4F}"
EndProject
Global
	GlobalSection(SolutionConfigurationPlatforms) = preSolution
		Debug|Any CPU = Debug|Any CPU
		Release|Any CPU = Release|Any CPU
	EndGlobalSection
	GlobalSection(ProjectConfigurationPlatforms) = postSolution
		{455264EB-5C8A-4244-A23D-142E1B72E908}.Debug|Any CPU.ActiveCfg = Debug|Any CPU
		{455264EB-5C8A-4244-A23D-142E1B72E908}.Debug|Any CPU.Build.0 = Debug|Any CPU
		{455264EB-5C8A-4244-A23D-142E1B72E908}.Release|Any CPU.ActiveCfg = Release|Any CPU
		{455264EB-5C8A-4244-A23D-142E1B72E908}.Release|Any CPU.Build.0 = Release|Any CPU
		{746093F8-7E78-4182-853B-0C7DC7676C29}.Debug|Any CPU.ActiveCfg = Debug|Any CPU
		{746093F8-7E78-4182-853B-0C7DC7676C29}.Debug|Any CPU.Build.0 = Debug|Any CPU
		{746093F8-7E78-4182-853B-0C7DC7676C29}.Release|Any CPU.ActiveCfg = Release|Any CPU
		{746093F8-7E78-4182-853B-0C7DC7676C29}.Release|Any CPU.Build.0 = Release|Any CPU
		{5E4FD180-3F94-4613-A5B5-AE0AE6DAF9D7}.Debug|Any CPU.ActiveCfg = Debug|Any CPU
		{5E4FD180-3F94-4613-A5B5-AE0AE6DAF9D7}.Debug|Any CPU.Build.0 = Debug|Any CPU
		{5E4FD180-3F94-4613-A5B5-AE0AE6DAF9D7}.Release|Any CPU.ActiveCfg = Release|Any CPU
		{5E4FD180-3F94-4613-A5B5-AE0AE6DAF9D7}.Release|Any CPU.Build.0 = Release|Any CPU
		{4911AA9D-BBEA-4300-A780-5970BEDD17B7}.Debug|Any CPU.ActiveCfg = Debug|Any CPU
		{4911AA9D-BBEA-4300-A780-5970BEDD17B7}.Debug|Any CPU.Build.0 = Debug|Any CPU
		{4911AA9D-BBEA-4300-A780-5970BEDD17B7}.Release|Any CPU.ActiveCfg = Release|Any CPU
		{4911AA9D-BBEA-4300-A780-5970BEDD17B7}.Release|Any CPU.Build.0 = Release|Any CPU
		{4CAA7C56-8C39-4192-ACB1-638690BB1EDA}.Debug|Any CPU.ActiveCfg = Debug|Any CPU
		{4CAA7C56-8C39-4192-ACB1-638690BB1EDA}.Debug|Any CPU.Build.0 = Debug|Any CPU
		{4CAA7C56-8C39-4192-ACB1-638690BB1EDA}.Release|Any CPU.ActiveCfg = Release|Any CPU
		{4CAA7C56-8C39-4192-ACB1-638690BB1EDA}.Release|Any CPU.Build.0 = Release|Any CPU
		{4EA0C857-FB5A-494E-9CCD-B6C50A73EEB9}.Debug|Any CPU.ActiveCfg = Debug|Any CPU
		{4EA0C857-FB5A-494E-9CCD-B6C50A73EEB9}.Debug|Any CPU.Build.0 = Debug|Any CPU
		{4EA0C857-FB5A-494E-9CCD-B6C50A73EEB9}.Release|Any CPU.ActiveCfg = Release|Any CPU
		{4EA0C857-FB5A-494E-9CCD-B6C50A73EEB9}.Release|Any CPU.Build.0 = Release|Any CPU
		{1575A2AA-7F75-41D5-A522-0DC29AD8DF4F}.Debug|Any CPU.ActiveCfg = Debug|Any CPU
		{1575A2AA-7F75-41D5-A522-0DC29AD8DF4F}.Debug|Any CPU.Build.0 = Debug|Any CPU
		{1575A2AA-7F75-41D5-A522-0DC29AD8DF4F}.Release|Any CPU.ActiveCfg = Release|Any CPU
		{1575A2AA-7F75-41D5-A522-0DC29AD8DF4F}.Release|Any CPU.Build.0 = Release|Any CPU
	EndGlobalSection
	GlobalSection(SolutionProperties) = preSolution
		HideSolutionNode = FALSE
	EndGlobalSection
	GlobalSection(ExtensibilityGlobals) = postSolution
		SolutionGuid = {25F473AD-D8D2-41F3-9354-E9935488F98E}
	EndGlobalSection
EndGlobal
