
Microsoft Visual Studio Solution File, Format Version 12.00
# Visual Studio Version 16
VisualStudioVersion = 16.0.30517.126
MinimumVisualStudioVersion = 10.0.40219.1
Project("{2150E333-8FDC-42A3-9474-1A3956D46DE8}") = "Solution Items", "Solution Items", "{B6930872-47C1-4246-A5ED-6A8FCD2EEC2F}"
	ProjectSection(SolutionItems) = preProject
		Behaviors a Tic Tac Toe application should do.txt = Behaviors a Tic Tac Toe application should do.txt
	EndProjectSection
EndProject
Project("{9A19103F-16F7-4668-BE54-9A1E7A4F7556}") = "Presentation_Tier", "Presentation_Tier\Presentation_Tier.csproj", "{AEC433A8-451D-49D8-A92D-44F59CDB6B8A}"
EndProject
Project("{9A19103F-16F7-4668-BE54-9A1E7A4F7556}") = "Middle_Tier", "Middle_Tier\Middle_Tier.csproj", "{EB0AEF69-8B7E-4A67-88D8-6B7B2ED9E79D}"
EndProject
Project("{9A19103F-16F7-4668-BE54-9A1E7A4F7556}") = "TicTacToe_Interfaces", "TicTacToe_Interfaces\TicTacToe_Interfaces.csproj", "{F18BA59B-46C3-46A9-BA6E-4BB62FD6A02A}"
EndProject
Project("{9A19103F-16F7-4668-BE54-9A1E7A4F7556}") = "Middle_Tier_Tests", "Middle_Tier_Tests\Middle_Tier_Tests.csproj", "{B5A7EDDE-C676-41FF-B9D1-6C801C2EA348}"
EndProject
Project("{9A19103F-16F7-4668-BE54-9A1E7A4F7556}") = "ProfReynoldsUnitTests", "ProfReynoldsUnitTests\ProfReynoldsUnitTests.csproj", "{5E0D2FF4-EC2B-47BB-A301-A6A033DC6EE6}"
EndProject
Project("{9A19103F-16F7-4668-BE54-9A1E7A4F7556}") = "CoreLibrary", "CoreLibrary\CoreLibrary.csproj", "{EC3F5787-E0E5-4282-B857-871BE061450D}"
EndProject
Project("{9A19103F-16F7-4668-BE54-9A1E7A4F7556}") = "TicTacToeGraphics", "TicTacToeGraphics\TicTacToeGraphics.csproj", "{FDCAB28E-70C8-46F7-9258-7359B6065E3F}"
EndProject
Project("{FAE04EC0-301F-11D3-BF4B-00C04F79EFBC}") = "Presentation_Tier_5x5", "Presentation_Tier_5x5\Presentation_Tier_5x5.csproj", "{FC8EDE4F-5C91-4F8E-B53F-8FF17443C98F}"
EndProject
Global
	GlobalSection(SolutionConfigurationPlatforms) = preSolution
		Debug|Any CPU = Debug|Any CPU
		Release|Any CPU = Release|Any CPU
	EndGlobalSection
	GlobalSection(ProjectConfigurationPlatforms) = postSolution
		{AEC433A8-451D-49D8-A92D-44F59CDB6B8A}.Debug|Any CPU.ActiveCfg = Debug|Any CPU
		{AEC433A8-451D-49D8-A92D-44F59CDB6B8A}.Debug|Any CPU.Build.0 = Debug|Any CPU
		{AEC433A8-451D-49D8-A92D-44F59CDB6B8A}.Release|Any CPU.ActiveCfg = Release|Any CPU
		{AEC433A8-451D-49D8-A92D-44F59CDB6B8A}.Release|Any CPU.Build.0 = Release|Any CPU
		{EB0AEF69-8B7E-4A67-88D8-6B7B2ED9E79D}.Debug|Any CPU.ActiveCfg = Debug|Any CPU
		{EB0AEF69-8B7E-4A67-88D8-6B7B2ED9E79D}.Debug|Any CPU.Build.0 = Debug|Any CPU
		{EB0AEF69-8B7E-4A67-88D8-6B7B2ED9E79D}.Release|Any CPU.ActiveCfg = Release|Any CPU
		{EB0AEF69-8B7E-4A67-88D8-6B7B2ED9E79D}.Release|Any CPU.Build.0 = Release|Any CPU
		{F18BA59B-46C3-46A9-BA6E-4BB62FD6A02A}.Debug|Any CPU.ActiveCfg = Debug|Any CPU
		{F18BA59B-46C3-46A9-BA6E-4BB62FD6A02A}.Debug|Any CPU.Build.0 = Debug|Any CPU
		{F18BA59B-46C3-46A9-BA6E-4BB62FD6A02A}.Release|Any CPU.ActiveCfg = Release|Any CPU
		{F18BA59B-46C3-46A9-BA6E-4BB62FD6A02A}.Release|Any CPU.Build.0 = Release|Any CPU
		{B5A7EDDE-C676-41FF-B9D1-6C801C2EA348}.Debug|Any CPU.ActiveCfg = Debug|Any CPU
		{B5A7EDDE-C676-41FF-B9D1-6C801C2EA348}.Debug|Any CPU.Build.0 = Debug|Any CPU
		{B5A7EDDE-C676-41FF-B9D1-6C801C2EA348}.Release|Any CPU.ActiveCfg = Release|Any CPU
		{B5A7EDDE-C676-41FF-B9D1-6C801C2EA348}.Release|Any CPU.Build.0 = Release|Any CPU
		{5E0D2FF4-EC2B-47BB-A301-A6A033DC6EE6}.Debug|Any CPU.ActiveCfg = Debug|Any CPU
		{5E0D2FF4-EC2B-47BB-A301-A6A033DC6EE6}.Debug|Any CPU.Build.0 = Debug|Any CPU
		{5E0D2FF4-EC2B-47BB-A301-A6A033DC6EE6}.Release|Any CPU.ActiveCfg = Release|Any CPU
		{5E0D2FF4-EC2B-47BB-A301-A6A033DC6EE6}.Release|Any CPU.Build.0 = Release|Any CPU
		{EC3F5787-E0E5-4282-B857-871BE061450D}.Debug|Any CPU.ActiveCfg = Debug|Any CPU
		{EC3F5787-E0E5-4282-B857-871BE061450D}.Debug|Any CPU.Build.0 = Debug|Any CPU
		{EC3F5787-E0E5-4282-B857-871BE061450D}.Release|Any CPU.ActiveCfg = Release|Any CPU
		{EC3F5787-E0E5-4282-B857-871BE061450D}.Release|Any CPU.Build.0 = Release|Any CPU
		{FDCAB28E-70C8-46F7-9258-7359B6065E3F}.Debug|Any CPU.ActiveCfg = Debug|Any CPU
		{FDCAB28E-70C8-46F7-9258-7359B6065E3F}.Debug|Any CPU.Build.0 = Debug|Any CPU
		{FDCAB28E-70C8-46F7-9258-7359B6065E3F}.Release|Any CPU.ActiveCfg = Release|Any CPU
		{FDCAB28E-70C8-46F7-9258-7359B6065E3F}.Release|Any CPU.Build.0 = Release|Any CPU
		{FC8EDE4F-5C91-4F8E-B53F-8FF17443C98F}.Debug|Any CPU.ActiveCfg = Debug|Any CPU
		{FC8EDE4F-5C91-4F8E-B53F-8FF17443C98F}.Debug|Any CPU.Build.0 = Debug|Any CPU
		{FC8EDE4F-5C91-4F8E-B53F-8FF17443C98F}.Release|Any CPU.ActiveCfg = Release|Any CPU
		{FC8EDE4F-5C91-4F8E-B53F-8FF17443C98F}.Release|Any CPU.Build.0 = Release|Any CPU
	EndGlobalSection
	GlobalSection(SolutionProperties) = preSolution
		HideSolutionNode = FALSE
	EndGlobalSection
	GlobalSection(ExtensibilityGlobals) = postSolution
		SolutionGuid = {3CABC2C3-37ED-414E-A360-239C75B22385}
	EndGlobalSection
EndGlobal
